// !$*UTF8*$!
{
	archiveVersion = 1;
	classes = {
	};
	objectVersion = 55;
	objects = {

/* Begin PBXBuildFile section */
		273F7C26280B56DF00AD955B /* Model.xcdatamodeld in Sources */ = {isa = PBXBuildFile; fileRef = 273F7C24280B56DF00AD955B /* Model.xcdatamodeld */; };
		273F7C30280BBE8E00AD955B /* setupViewController.swift in Sources */ = {isa = PBXBuildFile; fileRef = 273F7C2F280BBE8E00AD955B /* setupViewController.swift */; };
		273F7C32280BBE9E00AD955B /* baseViewController.swift in Sources */ = {isa = PBXBuildFile; fileRef = 273F7C31280BBE9E00AD955B /* baseViewController.swift */; };
		273F7C34280DD03900AD955B /* caluclateViewController.swift in Sources */ = {isa = PBXBuildFile; fileRef = 273F7C33280DD03900AD955B /* caluclateViewController.swift */; };
		273F7C46280E87FC00AD955B /* HBViewController.swift in Sources */ = {isa = PBXBuildFile; fileRef = 273F7C45280E87FC00AD955B /* HBViewController.swift */; };
		273F7C4A280F44BA00AD955B /* SettingsTableViewController.swift in Sources */ = {isa = PBXBuildFile; fileRef = 273F7C49280F44BA00AD955B /* SettingsTableViewController.swift */; };
		273F7C4F280F640600AD955B /* WaterRecordMO+CoreDataClass.swift in Sources */ = {isa = PBXBuildFile; fileRef = 273F7C4B280F640600AD955B /* WaterRecordMO+CoreDataClass.swift */; };
		273F7C50280F640600AD955B /* WaterRecordMO+CoreDataProperties.swift in Sources */ = {isa = PBXBuildFile; fileRef = 273F7C4C280F640600AD955B /* WaterRecordMO+CoreDataProperties.swift */; };
		273F7C51280F640600AD955B /* UserMO+CoreDataClass.swift in Sources */ = {isa = PBXBuildFile; fileRef = 273F7C4D280F640600AD955B /* UserMO+CoreDataClass.swift */; };
		273F7C52280F640600AD955B /* UserMO+CoreDataProperties.swift in Sources */ = {isa = PBXBuildFile; fileRef = 273F7C4E280F640600AD955B /* UserMO+CoreDataProperties.swift */; };
		279A1BAF2810B00000D4654F /* DonateViewController.swift in Sources */ = {isa = PBXBuildFile; fileRef = 279A1BAE2810B00000D4654F /* DonateViewController.swift */; };
		27C3C8EE280FC9E400C3B146 /* WipeViewController.swift in Sources */ = {isa = PBXBuildFile; fileRef = 27C3C8ED280FC9E400C3B146 /* WipeViewController.swift */; };
		27C3C8F22810622C00C3B146 /* CollectionViewCell.swift in Sources */ = {isa = PBXBuildFile; fileRef = 27C3C8F12810622C00C3B146 /* CollectionViewCell.swift */; };
		27C3C8F42810669A00C3B146 /* HitsoryViewController.swift in Sources */ = {isa = PBXBuildFile; fileRef = 27C3C8F32810669A00C3B146 /* HitsoryViewController.swift */; };
		4DA987D227E7C8C300496901 /* AppDelegate.swift in Sources */ = {isa = PBXBuildFile; fileRef = 4DA987D127E7C8C300496901 /* AppDelegate.swift */; };
		4DA987D427E7C8C300496901 /* SceneDelegate.swift in Sources */ = {isa = PBXBuildFile; fileRef = 4DA987D327E7C8C300496901 /* SceneDelegate.swift */; };
		4DA987D627E7C8C300496901 /* ViewController.swift in Sources */ = {isa = PBXBuildFile; fileRef = 4DA987D527E7C8C300496901 /* ViewController.swift */; };
		4DA987D927E7C8C300496901 /* Main.storyboard in Resources */ = {isa = PBXBuildFile; fileRef = 4DA987D727E7C8C300496901 /* Main.storyboard */; };
		4DA987DB27E7C8C400496901 /* Assets.xcassets in Resources */ = {isa = PBXBuildFile; fileRef = 4DA987DA27E7C8C400496901 /* Assets.xcassets */; };
		4DA987DE27E7C8C400496901 /* LaunchScreen.storyboard in Resources */ = {isa = PBXBuildFile; fileRef = 4DA987DC27E7C8C400496901 /* LaunchScreen.storyboard */; };
		4DA987E727E7D61C00496901 /* Nirmala.ttf in Resources */ = {isa = PBXBuildFile; fileRef = 4DA987E627E7D61900496901 /* Nirmala.ttf */; };
/* End PBXBuildFile section */

/* Begin PBXFileReference section */
		273F7C25280B56DF00AD955B /* Model.xcdatamodel */ = {isa = PBXFileReference; lastKnownFileType = wrapper.xcdatamodel; path = Model.xcdatamodel; sourceTree = "<group>"; };
		273F7C2F280BBE8E00AD955B /* setupViewController.swift */ = {isa = PBXFileReference; lastKnownFileType = sourcecode.swift; path = setupViewController.swift; sourceTree = "<group>"; };
		273F7C31280BBE9E00AD955B /* baseViewController.swift */ = {isa = PBXFileReference; lastKnownFileType = sourcecode.swift; path = baseViewController.swift; sourceTree = "<group>"; };
		273F7C33280DD03900AD955B /* caluclateViewController.swift */ = {isa = PBXFileReference; lastKnownFileType = sourcecode.swift; path = caluclateViewController.swift; sourceTree = "<group>"; };
		273F7C45280E87FC00AD955B /* HBViewController.swift */ = {isa = PBXFileReference; lastKnownFileType = sourcecode.swift; path = HBViewController.swift; sourceTree = "<group>"; };
		273F7C49280F44BA00AD955B /* SettingsTableViewController.swift */ = {isa = PBXFileReference; lastKnownFileType = sourcecode.swift; path = SettingsTableViewController.swift; sourceTree = "<group>"; };
		273F7C4B280F640600AD955B /* WaterRecordMO+CoreDataClass.swift */ = {isa = PBXFileReference; lastKnownFileType = sourcecode.swift; path = "WaterRecordMO+CoreDataClass.swift"; sourceTree = "<group>"; };
		273F7C4C280F640600AD955B /* WaterRecordMO+CoreDataProperties.swift */ = {isa = PBXFileReference; lastKnownFileType = sourcecode.swift; path = "WaterRecordMO+CoreDataProperties.swift"; sourceTree = "<group>"; };
		273F7C4D280F640600AD955B /* UserMO+CoreDataClass.swift */ = {isa = PBXFileReference; lastKnownFileType = sourcecode.swift; path = "UserMO+CoreDataClass.swift"; sourceTree = "<group>"; };
		273F7C4E280F640600AD955B /* UserMO+CoreDataProperties.swift */ = {isa = PBXFileReference; lastKnownFileType = sourcecode.swift; path = "UserMO+CoreDataProperties.swift"; sourceTree = "<group>"; };
		279A1BAE2810B00000D4654F /* DonateViewController.swift */ = {isa = PBXFileReference; lastKnownFileType = sourcecode.swift; path = DonateViewController.swift; sourceTree = "<group>"; };
		27C3C8ED280FC9E400C3B146 /* WipeViewController.swift */ = {isa = PBXFileReference; lastKnownFileType = sourcecode.swift; path = WipeViewController.swift; sourceTree = "<group>"; };
		27C3C8F12810622C00C3B146 /* CollectionViewCell.swift */ = {isa = PBXFileReference; lastKnownFileType = sourcecode.swift; path = CollectionViewCell.swift; sourceTree = "<group>"; };
		27C3C8F32810669A00C3B146 /* HitsoryViewController.swift */ = {isa = PBXFileReference; lastKnownFileType = sourcecode.swift; path = HitsoryViewController.swift; sourceTree = "<group>"; };
		4DA987CE27E7C8C300496901 /* 403Industries_Milestone2.app */ = {isa = PBXFileReference; explicitFileType = wrapper.application; includeInIndex = 0; path = 403Industries_Milestone2.app; sourceTree = BUILT_PRODUCTS_DIR; };
		4DA987D127E7C8C300496901 /* AppDelegate.swift */ = {isa = PBXFileReference; lastKnownFileType = sourcecode.swift; path = AppDelegate.swift; sourceTree = "<group>"; };
		4DA987D327E7C8C300496901 /* SceneDelegate.swift */ = {isa = PBXFileReference; lastKnownFileType = sourcecode.swift; path = SceneDelegate.swift; sourceTree = "<group>"; };
		4DA987D527E7C8C300496901 /* ViewController.swift */ = {isa = PBXFileReference; lastKnownFileType = sourcecode.swift; path = ViewController.swift; sourceTree = "<group>"; };
		4DA987D827E7C8C300496901 /* Base */ = {isa = PBXFileReference; lastKnownFileType = file.storyboard; name = Base; path = Base.lproj/Main.storyboard; sourceTree = "<group>"; };
		4DA987DA27E7C8C400496901 /* Assets.xcassets */ = {isa = PBXFileReference; lastKnownFileType = folder.assetcatalog; path = Assets.xcassets; sourceTree = "<group>"; };
		4DA987DD27E7C8C400496901 /* Base */ = {isa = PBXFileReference; lastKnownFileType = file.storyboard; name = Base; path = Base.lproj/LaunchScreen.storyboard; sourceTree = "<group>"; };
		4DA987DF27E7C8C400496901 /* Info.plist */ = {isa = PBXFileReference; lastKnownFileType = text.plist.xml; path = Info.plist; sourceTree = "<group>"; };
		4DA987E627E7D61900496901 /* Nirmala.ttf */ = {isa = PBXFileReference; lastKnownFileType = file; path = Nirmala.ttf; sourceTree = "<group>"; };
/* End PBXFileReference section */

/* Begin PBXFrameworksBuildPhase section */
		4DA987CB27E7C8C300496901 /* Frameworks */ = {
			isa = PBXFrameworksBuildPhase;
			buildActionMask = 2147483647;
			files = (
			);
			runOnlyForDeploymentPostprocessing = 0;
		};
/* End PBXFrameworksBuildPhase section */

/* Begin PBXGroup section */
		4DA987C527E7C8C300496901 = {
			isa = PBXGroup;
			children = (
				279A1BAE2810B00000D4654F /* DonateViewController.swift */,
				27C3C8F32810669A00C3B146 /* HitsoryViewController.swift */,
				27C3C8F12810622C00C3B146 /* CollectionViewCell.swift */,
				27C3C8ED280FC9E400C3B146 /* WipeViewController.swift */,
				273F7C4B280F640600AD955B /* WaterRecordMO+CoreDataClass.swift */,
				273F7C4C280F640600AD955B /* WaterRecordMO+CoreDataProperties.swift */,
				273F7C4D280F640600AD955B /* UserMO+CoreDataClass.swift */,
				273F7C4E280F640600AD955B /* UserMO+CoreDataProperties.swift */,
				273F7C49280F44BA00AD955B /* SettingsTableViewController.swift */,
				273F7C45280E87FC00AD955B /* HBViewController.swift */,
				4DA987D027E7C8C300496901 /* 403Industries_Milestone2 */,
				4DA987CF27E7C8C300496901 /* Products */,
			);
			sourceTree = "<group>";
		};
		4DA987CF27E7C8C300496901 /* Products */ = {
			isa = PBXGroup;
			children = (
				4DA987CE27E7C8C300496901 /* 403Industries_Milestone2.app */,
			);
			name = Products;
			sourceTree = "<group>";
		};
		4DA987D027E7C8C300496901 /* 403Industries_Milestone2 */ = {
			isa = PBXGroup;
			children = (
				273F7C33280DD03900AD955B /* caluclateViewController.swift */,
				4DA987D127E7C8C300496901 /* AppDelegate.swift */,
				4DA987D327E7C8C300496901 /* SceneDelegate.swift */,
				4DA987D527E7C8C300496901 /* ViewController.swift */,
				273F7C31280BBE9E00AD955B /* baseViewController.swift */,
				273F7C2F280BBE8E00AD955B /* setupViewController.swift */,
				4DA987D727E7C8C300496901 /* Main.storyboard */,
				4DA987DA27E7C8C400496901 /* Assets.xcassets */,
				4DA987DC27E7C8C400496901 /* LaunchScreen.storyboard */,
				4DA987DF27E7C8C400496901 /* Info.plist */,
				4DA987E527E7D5F900496901 /* fonts */,
				273F7C24280B56DF00AD955B /* Model.xcdatamodeld */,
			);
			path = 403Industries_Milestone2;
			sourceTree = "<group>";
		};
		4DA987E527E7D5F900496901 /* fonts */ = {
			isa = PBXGroup;
			children = (
				4DA987E627E7D61900496901 /* Nirmala.ttf */,
			);
			path = fonts;
			sourceTree = "<group>";
		};
/* End PBXGroup section */

/* Begin PBXNativeTarget section */
		4DA987CD27E7C8C300496901 /* 403Industries_Milestone2 */ = {
			isa = PBXNativeTarget;
			buildConfigurationList = 4DA987E227E7C8C400496901 /* Build configuration list for PBXNativeTarget "403Industries_Milestone2" */;
			buildPhases = (
				4DA987CA27E7C8C300496901 /* Sources */,
				4DA987CB27E7C8C300496901 /* Frameworks */,
				4DA987CC27E7C8C300496901 /* Resources */,
			);
			buildRules = (
			);
			dependencies = (
			);
			name = 403Industries_Milestone2;
			productName = 403Industries_Milestone2;
			productReference = 4DA987CE27E7C8C300496901 /* 403Industries_Milestone2.app */;
			productType = "com.apple.product-type.application";
		};
/* End PBXNativeTarget section */

/* Begin PBXProject section */
		4DA987C627E7C8C300496901 /* Project object */ = {
			isa = PBXProject;
			attributes = {
				BuildIndependentTargetsInParallel = 1;
				LastSwiftUpdateCheck = 1320;
				LastUpgradeCheck = 1320;
				TargetAttributes = {
					4DA987CD27E7C8C300496901 = {
						CreatedOnToolsVersion = 13.2.1;
					};
				};
			};
			buildConfigurationList = 4DA987C927E7C8C300496901 /* Build configuration list for PBXProject "403Industries_Milestone2" */;
			compatibilityVersion = "Xcode 13.0";
			developmentRegion = en;
			hasScannedForEncodings = 0;
			knownRegions = (
				en,
				Base,
			);
			mainGroup = 4DA987C527E7C8C300496901;
			productRefGroup = 4DA987CF27E7C8C300496901 /* Products */;
			projectDirPath = "";
			projectRoot = "";
			targets = (
				4DA987CD27E7C8C300496901 /* 403Industries_Milestone2 */,
			);
		};
/* End PBXProject section */

/* Begin PBXResourcesBuildPhase section */
		4DA987CC27E7C8C300496901 /* Resources */ = {
			isa = PBXResourcesBuildPhase;
			buildActionMask = 2147483647;
			files = (
				4DA987DE27E7C8C400496901 /* LaunchScreen.storyboard in Resources */,
				4DA987DB27E7C8C400496901 /* Assets.xcassets in Resources */,
				4DA987D927E7C8C300496901 /* Main.storyboard in Resources */,
				4DA987E727E7D61C00496901 /* Nirmala.ttf in Resources */,
			);
			runOnlyForDeploymentPostprocessing = 0;
		};
/* End PBXResourcesBuildPhase section */

/* Begin PBXSourcesBuildPhase section */
		4DA987CA27E7C8C300496901 /* Sources */ = {
			isa = PBXSourcesBuildPhase;
			buildActionMask = 2147483647;
			files = (
				273F7C4F280F640600AD955B /* WaterRecordMO+CoreDataClass.swift in Sources */,
				279A1BAF2810B00000D4654F /* DonateViewController.swift in Sources */,
				27C3C8EE280FC9E400C3B146 /* WipeViewController.swift in Sources */,
				4DA987D627E7C8C300496901 /* ViewController.swift in Sources */,
				273F7C32280BBE9E00AD955B /* baseViewController.swift in Sources */,
				4DA987D227E7C8C300496901 /* AppDelegate.swift in Sources */,
				273F7C50280F640600AD955B /* WaterRecordMO+CoreDataProperties.swift in Sources */,
				4DA987D427E7C8C300496901 /* SceneDelegate.swift in Sources */,
				27C3C8F42810669A00C3B146 /* HitsoryViewController.swift in Sources */,
				273F7C4A280F44BA00AD955B /* SettingsTableViewController.swift in Sources */,
				273F7C46280E87FC00AD955B /* HBViewController.swift in Sources */,
				27C3C8F22810622C00C3B146 /* CollectionViewCell.swift in Sources */,
				273F7C52280F640600AD955B /* UserMO+CoreDataProperties.swift in Sources */,
				273F7C51280F640600AD955B /* UserMO+CoreDataClass.swift in Sources */,
				273F7C30280BBE8E00AD955B /* setupViewController.swift in Sources */,
				273F7C34280DD03900AD955B /* caluclateViewController.swift in Sources */,
				273F7C26280B56DF00AD955B /* Model.xcdatamodeld in Sources */,
			);
			runOnlyForDeploymentPostprocessing = 0;
		};
/* End PBXSourcesBuildPhase section */

/* Begin PBXVariantGroup section */
		4DA987D727E7C8C300496901 /* Main.storyboard */ = {
			isa = PBXVariantGroup;
			children = (
				4DA987D827E7C8C300496901 /* Base */,
			);
			name = Main.storyboard;
			sourceTree = "<group>";
		};
		4DA987DC27E7C8C400496901 /* LaunchScreen.storyboard */ = {
			isa = PBXVariantGroup;
			children = (
				4DA987DD27E7C8C400496901 /* Base */,
			);
			name = LaunchScreen.storyboard;
			sourceTree = "<group>";
		};
/* End PBXVariantGroup section */

/* Begin XCBuildConfiguration section */
		4DA987E027E7C8C400496901 /* Debug */ = {
			isa = XCBuildConfiguration;
			buildSettings = {
				ALWAYS_SEARCH_USER_PATHS = NO;
				CLANG_ANALYZER_NONNULL = YES;
				CLANG_ANALYZER_NUMBER_OBJECT_CONVERSION = YES_AGGRESSIVE;
				CLANG_CXX_LANGUAGE_STANDARD = "gnu++17";
				CLANG_CXX_LIBRARY = "libc++";
				CLANG_ENABLE_MODULES = YES;
				CLANG_ENABLE_OBJC_ARC = YES;
				CLANG_ENABLE_OBJC_WEAK = YES;
				CLANG_WARN_BLOCK_CAPTURE_AUTORELEASING = YES;
				CLANG_WARN_BOOL_CONVERSION = YES;
				CLANG_WARN_COMMA = YES;
				CLANG_WARN_CONSTANT_CONVERSION = YES;
				CLANG_WARN_DEPRECATED_OBJC_IMPLEMENTATIONS = YES;
				CLANG_WARN_DIRECT_OBJC_ISA_USAGE = YES_ERROR;
				CLANG_WARN_DOCUMENTATION_COMMENTS = YES;
				CLANG_WARN_EMPTY_BODY = YES;
				CLANG_WARN_ENUM_CONVERSION = YES;
				CLANG_WARN_INFINITE_RECURSION = YES;
				CLANG_WARN_INT_CONVERSION = YES;
				CLANG_WARN_NON_LITERAL_NULL_CONVERSION = YES;
				CLANG_WARN_OBJC_IMPLICIT_RETAIN_SELF = YES;
				CLANG_WARN_OBJC_LITERAL_CONVERSION = YES;
				CLANG_WARN_OBJC_ROOT_CLASS = YES_ERROR;
				CLANG_WARN_QUOTED_INCLUDE_IN_FRAMEWORK_HEADER = YES;
				CLANG_WARN_RANGE_LOOP_ANALYSIS = YES;
				CLANG_WARN_STRICT_PROTOTYPES = YES;
				CLANG_WARN_SUSPICIOUS_MOVE = YES;
				CLANG_WARN_UNGUARDED_AVAILABILITY = YES_AGGRESSIVE;
				CLANG_WARN_UNREACHABLE_CODE = YES;
				CLANG_WARN__DUPLICATE_METHOD_MATCH = YES;
				COPY_PHASE_STRIP = NO;
				DEBUG_INFORMATION_FORMAT = dwarf;
				ENABLE_STRICT_OBJC_MSGSEND = YES;
				ENABLE_TESTABILITY = YES;
				GCC_C_LANGUAGE_STANDARD = gnu11;
				GCC_DYNAMIC_NO_PIC = NO;
				GCC_NO_COMMON_BLOCKS = YES;
				GCC_OPTIMIZATION_LEVEL = 0;
				GCC_PREPROCESSOR_DEFINITIONS = (
					"DEBUG=1",
					"$(inherited)",
				);
				GCC_WARN_64_TO_32_BIT_CONVERSION = YES;
				GCC_WARN_ABOUT_RETURN_TYPE = YES_ERROR;
				GCC_WARN_UNDECLARED_SELECTOR = YES;
				GCC_WARN_UNINITIALIZED_AUTOS = YES_AGGRESSIVE;
				GCC_WARN_UNUSED_FUNCTION = YES;
				GCC_WARN_UNUSED_VARIABLE = YES;
				IPHONEOS_DEPLOYMENT_TARGET = 15.2;
				MTL_ENABLE_DEBUG_INFO = INCLUDE_SOURCE;
				MTL_FAST_MATH = YES;
				ONLY_ACTIVE_ARCH = YES;
				SDKROOT = iphoneos;
				SWIFT_ACTIVE_COMPILATION_CONDITIONS = DEBUG;
				SWIFT_OPTIMIZATION_LEVEL = "-Onone";
			};
			name = Debug;
		};
		4DA987E127E7C8C400496901 /* Release */ = {
			isa = XCBuildConfiguration;
			buildSettings = {
				ALWAYS_SEARCH_USER_PATHS = NO;
				CLANG_ANALYZER_NONNULL = YES;
				CLANG_ANALYZER_NUMBER_OBJECT_CONVERSION = YES_AGGRESSIVE;
				CLANG_CXX_LANGUAGE_STANDARD = "gnu++17";
				CLANG_CXX_LIBRARY = "libc++";
				CLANG_ENABLE_MODULES = YES;
				CLANG_ENABLE_OBJC_ARC = YES;
				CLANG_ENABLE_OBJC_WEAK = YES;
				CLANG_WARN_BLOCK_CAPTURE_AUTORELEASING = YES;
				CLANG_WARN_BOOL_CONVERSION = YES;
				CLANG_WARN_COMMA = YES;
				CLANG_WARN_CONSTANT_CONVERSION = YES;
				CLANG_WARN_DEPRECATED_OBJC_IMPLEMENTATIONS = YES;
				CLANG_WARN_DIRECT_OBJC_ISA_USAGE = YES_ERROR;
				CLANG_WARN_DOCUMENTATION_COMMENTS = YES;
				CLANG_WARN_EMPTY_BODY = YES;
				CLANG_WARN_ENUM_CONVERSION = YES;
				CLANG_WARN_INFINITE_RECURSION = YES;
				CLANG_WARN_INT_CONVERSION = YES;
				CLANG_WARN_NON_LITERAL_NULL_CONVERSION = YES;
				CLANG_WARN_OBJC_IMPLICIT_RETAIN_SELF = YES;
				CLANG_WARN_OBJC_LITERAL_CONVERSION = YES;
				CLANG_WARN_OBJC_ROOT_CLASS = YES_ERROR;
				CLANG_WARN_QUOTED_INCLUDE_IN_FRAMEWORK_HEADER = YES;
				CLANG_WARN_RANGE_LOOP_ANALYSIS = YES;
				CLANG_WARN_STRICT_PROTOTYPES = YES;
				CLANG_WARN_SUSPICIOUS_MOVE = YES;
				CLANG_WARN_UNGUARDED_AVAILABILITY = YES_AGGRESSIVE;
				CLANG_WARN_UNREACHABLE_CODE = YES;
				CLANG_WARN__DUPLICATE_METHOD_MATCH = YES;
				COPY_PHASE_STRIP = NO;
				DEBUG_INFORMATION_FORMAT = "dwarf-with-dsym";
				ENABLE_NS_ASSERTIONS = NO;
				ENABLE_STRICT_OBJC_MSGSEND = YES;
				GCC_C_LANGUAGE_STANDARD = gnu11;
				GCC_NO_COMMON_BLOCKS = YES;
				GCC_WARN_64_TO_32_BIT_CONVERSION = YES;
				GCC_WARN_ABOUT_RETURN_TYPE = YES_ERROR;
				GCC_WARN_UNDECLARED_SELECTOR = YES;
				GCC_WARN_UNINITIALIZED_AUTOS = YES_AGGRESSIVE;
				GCC_WARN_UNUSED_FUNCTION = YES;
				GCC_WARN_UNUSED_VARIABLE = YES;
				IPHONEOS_DEPLOYMENT_TARGET = 15.2;
				MTL_ENABLE_DEBUG_INFO = NO;
				MTL_FAST_MATH = YES;
				SDKROOT = iphoneos;
				SWIFT_COMPILATION_MODE = wholemodule;
				SWIFT_OPTIMIZATION_LEVEL = "-O";
				VALIDATE_PRODUCT = YES;
			};
			name = Release;
		};
		4DA987E327E7C8C400496901 /* Debug */ = {
			isa = XCBuildConfiguration;
			buildSettings = {
				ASSETCATALOG_COMPILER_APPICON_NAME = AppIcon;
				ASSETCATALOG_COMPILER_GLOBAL_ACCENT_COLOR_NAME = AccentColor;
				CODE_SIGN_STYLE = Automatic;
				CURRENT_PROJECT_VERSION = 1;
				DEVELOPMENT_TEAM = ZY24X3G9H9;
				GENERATE_INFOPLIST_FILE = YES;
				INFOPLIST_FILE = 403Industries_Milestone2/Info.plist;
				INFOPLIST_KEY_UIApplicationSupportsIndirectInputEvents = YES;
				INFOPLIST_KEY_UILaunchStoryboardName = LaunchScreen;
				INFOPLIST_KEY_UIMainStoryboardFile = Main;
				INFOPLIST_KEY_UISupportedInterfaceOrientations_iPad = "UIInterfaceOrientationPortrait UIInterfaceOrientationPortraitUpsideDown UIInterfaceOrientationLandscapeLeft UIInterfaceOrientationLandscapeRight";
				INFOPLIST_KEY_UISupportedInterfaceOrientations_iPhone = "UIInterfaceOrientationPortrait UIInterfaceOrientationLandscapeLeft UIInterfaceOrientationLandscapeRight";
				LD_RUNPATH_SEARCH_PATHS = (
					"$(inherited)",
					"@executable_path/Frameworks",
				);
				MARKETING_VERSION = 1.0;
				PRODUCT_BUNDLE_IDENTIFIER = "BradleyPersaud.-03Industries-Milestone2";
				PRODUCT_NAME = "$(TARGET_NAME)";
				SWIFT_EMIT_LOC_STRINGS = YES;
				SWIFT_VERSION = 5.0;
				TARGETED_DEVICE_FAMILY = "1,2";
			};
			name = Debug;
		};
		4DA987E427E7C8C400496901 /* Release */ = {
			isa = XCBuildConfiguration;
			buildSettings = {
				ASSETCATALOG_COMPILER_APPICON_NAME = AppIcon;
				ASSETCATALOG_COMPILER_GLOBAL_ACCENT_COLOR_NAME = AccentColor;
				CODE_SIGN_STYLE = Automatic;
				CURRENT_PROJECT_VERSION = 1;
				DEVELOPMENT_TEAM = ZY24X3G9H9;
				GENERATE_INFOPLIST_FILE = YES;
				INFOPLIST_FILE = 403Industries_Milestone2/Info.plist;
				INFOPLIST_KEY_UIApplicationSupportsIndirectInputEvents = YES;
				INFOPLIST_KEY_UILaunchStoryboardName = LaunchScreen;
				INFOPLIST_KEY_UIMainStoryboardFile = Main;
				INFOPLIST_KEY_UISupportedInterfaceOrientations_iPad = "UIInterfaceOrientationPortrait UIInterfaceOrientationPortraitUpsideDown UIInterfaceOrientationLandscapeLeft UIInterfaceOrientationLandscapeRight";
				INFOPLIST_KEY_UISupportedInterfaceOrientations_iPhone = "UIInterfaceOrientationPortrait UIInterfaceOrientationLandscapeLeft UIInterfaceOrientationLandscapeRight";
				LD_RUNPATH_SEARCH_PATHS = (
					"$(inherited)",
					"@executable_path/Frameworks",
				);
				MARKETING_VERSION = 1.0;
				PRODUCT_BUNDLE_IDENTIFIER = "BradleyPersaud.-03Industries-Milestone2";
				PRODUCT_NAME = "$(TARGET_NAME)";
				SWIFT_EMIT_LOC_STRINGS = YES;
				SWIFT_VERSION = 5.0;
				TARGETED_DEVICE_FAMILY = "1,2";
			};
			name = Release;
		};
/* End XCBuildConfiguration section */

/* Begin XCConfigurationList section */
		4DA987C927E7C8C300496901 /* Build configuration list for PBXProject "403Industries_Milestone2" */ = {
			isa = XCConfigurationList;
			buildConfigurations = (
				4DA987E027E7C8C400496901 /* Debug */,
				4DA987E127E7C8C400496901 /* Release */,
			);
			defaultConfigurationIsVisible = 0;
			defaultConfigurationName = Release;
		};
		4DA987E227E7C8C400496901 /* Build configuration list for PBXNativeTarget "403Industries_Milestone2" */ = {
			isa = XCConfigurationList;
			buildConfigurations = (
				4DA987E327E7C8C400496901 /* Debug */,
				4DA987E427E7C8C400496901 /* Release */,
			);
			defaultConfigurationIsVisible = 0;
			defaultConfigurationName = Release;
		};
/* End XCConfigurationList section */

/* Begin XCVersionGroup section */
		273F7C24280B56DF00AD955B /* Model.xcdatamodeld */ = {
			isa = XCVersionGroup;
			children = (
				273F7C25280B56DF00AD955B /* Model.xcdatamodel */,
			);
			currentVersion = 273F7C25280B56DF00AD955B /* Model.xcdatamodel */;
			path = Model.xcdatamodeld;
			sourceTree = "<group>";
			versionGroupType = wrapper.xcdatamodel;
		};
/* End XCVersionGroup section */
	};
	rootObject = 4DA987C627E7C8C300496901 /* Project object */;
}
